
Microsoft Visual Studio Solution File, Format Version 12.00
# Visual Studio Version 17
VisualStudioVersion = 17.11.35327.3
MinimumVisualStudioVersion = 10.0.40219.1
Project("{8BC9CEB8-8B4A-11D0-8D11-00A0C91BC942}") = "MainWindow", "MainWindow\MainWindow.vcxproj", "{384BE495-8901-4523-8D02-45AF1EA0A949}"
	ProjectSection(ProjectDependencies) = postProject
		{06909F1F-355A-49EE-B322-C812E2C5138F} = {06909F1F-355A-49EE-B322-C812E2C5138F}
		{0A804819-292C-4891-82A6-6180232A61B4} = {0A804819-292C-4891-82A6-6180232A61B4}
		{16B70790-D0E7-440E-A4BE-A90373E7DB77} = {16B70790-D0E7-440E-A4BE-A90373E7DB77}
		{33721D79-49EE-4C9B-83E9-D915CE618C7C} = {33721D79-49EE-4C9B-83E9-D915CE618C7C}
		{4FB8A601-5618-47A7-A04D-E93A2943B701} = {4FB8A601-5618-47A7-A04D-E93A2943B701}
		{6B76608B-A67C-4920-9000-5CDDED53D7FD} = {6B76608B-A67C-4920-9000-5CDDED53D7FD}
		{77478583-EB9D-46BA-87A7-8921D3ED5F1F} = {77478583-EB9D-46BA-87A7-8921D3ED5F1F}
		{84406F34-C59A-4FFB-8C73-3ED142A84576} = {84406F34-C59A-4FFB-8C73-3ED142A84576}
		{A3B6C61D-0EF5-4086-BFE6-0AEC0998907A} = {A3B6C61D-0EF5-4086-BFE6-0AEC0998907A}
		{B7474CAE-9DEE-4730-A01E-05C2ED824852} = {B7474CAE-9DEE-4730-A01E-05C2ED824852}
		{DEA02F85-6836-4A48-85E1-95371DCD4471} = {DEA02F85-6836-4A48-85E1-95371DCD4471}
	EndProjectSection
EndProject
Project("{8BC9CEB8-8B4A-11D0-8D11-00A0C91BC942}") = "PictureFileSupport", "PictureFileSupport\PictureFileSupport.vcxproj", "{A3B6C61D-0EF5-4086-BFE6-0AEC0998907A}"
EndProject
Project("{8BC9CEB8-8B4A-11D0-8D11-00A0C91BC942}") = "QtOpenCVPictureSupport", "QtOpenCVPictureSupport\QtOpenCVPictureSupport.vcxproj", "{16B70790-D0E7-440E-A4BE-A90373E7DB77}"
EndProject
Project("{8BC9CEB8-8B4A-11D0-8D11-00A0C91BC942}") = "ImageProcessing", "ImageProcessing\ImageProcessing.vcxproj", "{4FB8A601-5618-47A7-A04D-E93A2943B701}"
EndProject
Project("{8BC9CEB8-8B4A-11D0-8D11-00A0C91BC942}") = "ImageCache", "ImageCache\ImageCache.vcxproj", "{DEA02F85-6836-4A48-85E1-95371DCD4471}"
EndProject
Project("{8BC9CEB8-8B4A-11D0-8D11-00A0C91BC942}") = "PictureDisplay", "PictureDisplay\PictureDisplay.vcxproj", "{B7474CAE-9DEE-4730-A01E-05C2ED824852}"
EndProject
Project("{8BC9CEB8-8B4A-11D0-8D11-00A0C91BC942}") = "QtStdStringSupport", "QtStdStringSupport\QtStdStringSupport.vcxproj", "{33721D79-49EE-4C9B-83E9-D915CE618C7C}"
EndProject
Project("{8BC9CEB8-8B4A-11D0-8D11-00A0C91BC942}") = "FilterWindow", "FilterWindow\FilterWindow.vcxproj", "{6B76608B-A67C-4920-9000-5CDDED53D7FD}"
EndProject
Project("{8BC9CEB8-8B4A-11D0-8D11-00A0C91BC942}") = "ProcessView", "ProcessView\ProcessView.vcxproj", "{0A804819-292C-4891-82A6-6180232A61B4}"
EndProject
Project("{8BC9CEB8-8B4A-11D0-8D11-00A0C91BC942}") = "ProcessFactory", "ProcessFactory\ProcessFactory.vcxproj", "{84406F34-C59A-4FFB-8C73-3ED142A84576}"
EndProject
Project("{8BC9CEB8-8B4A-11D0-8D11-00A0C91BC942}") = "DegreesRadiansChange", "DegreesRadiansChange\DegreesRadiansChange.vcxproj", "{06909F1F-355A-49EE-B322-C812E2C5138F}"
EndProject
Project("{8BC9CEB8-8B4A-11D0-8D11-00A0C91BC942}") = "GraphicsItem", "GraphicsItem\GraphicsItem.vcxproj", "{77478583-EB9D-46BA-87A7-8921D3ED5F1F}"
EndProject
Global
	GlobalSection(SolutionConfigurationPlatforms) = preSolution
		Debug|x64 = Debug|x64
		Debug|x86 = Debug|x86
		Release|x64 = Release|x64
		Release|x86 = Release|x86
	EndGlobalSection
	GlobalSection(ProjectConfigurationPlatforms) = postSolution
		{384BE495-8901-4523-8D02-45AF1EA0A949}.Debug|x64.ActiveCfg = Debug|x64
		{384BE495-8901-4523-8D02-45AF1EA0A949}.Debug|x64.Build.0 = Debug|x64
		{384BE495-8901-4523-8D02-45AF1EA0A949}.Debug|x86.ActiveCfg = Debug|x64
		{384BE495-8901-4523-8D02-45AF1EA0A949}.Debug|x86.Build.0 = Debug|x64
		{384BE495-8901-4523-8D02-45AF1EA0A949}.Release|x64.ActiveCfg = Release|x64
		{384BE495-8901-4523-8D02-45AF1EA0A949}.Release|x64.Build.0 = Release|x64
		{384BE495-8901-4523-8D02-45AF1EA0A949}.Release|x86.ActiveCfg = Release|x64
		{384BE495-8901-4523-8D02-45AF1EA0A949}.Release|x86.Build.0 = Release|x64
		{A3B6C61D-0EF5-4086-BFE6-0AEC0998907A}.Debug|x64.ActiveCfg = Debug|x64
		{A3B6C61D-0EF5-4086-BFE6-0AEC0998907A}.Debug|x64.Build.0 = Debug|x64
		{A3B6C61D-0EF5-4086-BFE6-0AEC0998907A}.Debug|x86.ActiveCfg = Debug|Win32
		{A3B6C61D-0EF5-4086-BFE6-0AEC0998907A}.Debug|x86.Build.0 = Debug|Win32
		{A3B6C61D-0EF5-4086-BFE6-0AEC0998907A}.Release|x64.ActiveCfg = Release|x64
		{A3B6C61D-0EF5-4086-BFE6-0AEC0998907A}.Release|x64.Build.0 = Release|x64
		{A3B6C61D-0EF5-4086-BFE6-0AEC0998907A}.Release|x86.ActiveCfg = Release|Win32
		{A3B6C61D-0EF5-4086-BFE6-0AEC0998907A}.Release|x86.Build.0 = Release|Win32
		{16B70790-D0E7-440E-A4BE-A90373E7DB77}.Debug|x64.ActiveCfg = Debug|x64
		{16B70790-D0E7-440E-A4BE-A90373E7DB77}.Debug|x64.Build.0 = Debug|x64
		{16B70790-D0E7-440E-A4BE-A90373E7DB77}.Debug|x86.ActiveCfg = Debug|Win32
		{16B70790-D0E7-440E-A4BE-A90373E7DB77}.Debug|x86.Build.0 = Debug|Win32
		{16B70790-D0E7-440E-A4BE-A90373E7DB77}.Release|x64.ActiveCfg = Release|x64
		{16B70790-D0E7-440E-A4BE-A90373E7DB77}.Release|x64.Build.0 = Release|x64
		{16B70790-D0E7-440E-A4BE-A90373E7DB77}.Release|x86.ActiveCfg = Release|Win32
		{16B70790-D0E7-440E-A4BE-A90373E7DB77}.Release|x86.Build.0 = Release|Win32
		{4FB8A601-5618-47A7-A04D-E93A2943B701}.Debug|x64.ActiveCfg = Debug|x64
		{4FB8A601-5618-47A7-A04D-E93A2943B701}.Debug|x64.Build.0 = Debug|x64
		{4FB8A601-5618-47A7-A04D-E93A2943B701}.Debug|x86.ActiveCfg = Debug|Win32
		{4FB8A601-5618-47A7-A04D-E93A2943B701}.Debug|x86.Build.0 = Debug|Win32
		{4FB8A601-5618-47A7-A04D-E93A2943B701}.Release|x64.ActiveCfg = Release|x64
		{4FB8A601-5618-47A7-A04D-E93A2943B701}.Release|x64.Build.0 = Release|x64
		{4FB8A601-5618-47A7-A04D-E93A2943B701}.Release|x86.ActiveCfg = Release|Win32
		{4FB8A601-5618-47A7-A04D-E93A2943B701}.Release|x86.Build.0 = Release|Win32
		{DEA02F85-6836-4A48-85E1-95371DCD4471}.Debug|x64.ActiveCfg = Debug|x64
		{DEA02F85-6836-4A48-85E1-95371DCD4471}.Debug|x64.Build.0 = Debug|x64
		{DEA02F85-6836-4A48-85E1-95371DCD4471}.Debug|x86.ActiveCfg = Debug|Win32
		{DEA02F85-6836-4A48-85E1-95371DCD4471}.Debug|x86.Build.0 = Debug|Win32
		{DEA02F85-6836-4A48-85E1-95371DCD4471}.Release|x64.ActiveCfg = Release|x64
		{DEA02F85-6836-4A48-85E1-95371DCD4471}.Release|x64.Build.0 = Release|x64
		{DEA02F85-6836-4A48-85E1-95371DCD4471}.Release|x86.ActiveCfg = Release|Win32
		{DEA02F85-6836-4A48-85E1-95371DCD4471}.Release|x86.Build.0 = Release|Win32
		{B7474CAE-9DEE-4730-A01E-05C2ED824852}.Debug|x64.ActiveCfg = Debug|x64
		{B7474CAE-9DEE-4730-A01E-05C2ED824852}.Debug|x64.Build.0 = Debug|x64
		{B7474CAE-9DEE-4730-A01E-05C2ED824852}.Debug|x86.ActiveCfg = Debug|x64
		{B7474CAE-9DEE-4730-A01E-05C2ED824852}.Debug|x86.Build.0 = Debug|x64
		{B7474CAE-9DEE-4730-A01E-05C2ED824852}.Release|x64.ActiveCfg = Release|x64
		{B7474CAE-9DEE-4730-A01E-05C2ED824852}.Release|x64.Build.0 = Release|x64
		{B7474CAE-9DEE-4730-A01E-05C2ED824852}.Release|x86.ActiveCfg = Release|x64
		{B7474CAE-9DEE-4730-A01E-05C2ED824852}.Release|x86.Build.0 = Release|x64
		{33721D79-49EE-4C9B-83E9-D915CE618C7C}.Debug|x64.ActiveCfg = Debug|x64
		{33721D79-49EE-4C9B-83E9-D915CE618C7C}.Debug|x64.Build.0 = Debug|x64
		{33721D79-49EE-4C9B-83E9-D915CE618C7C}.Debug|x86.ActiveCfg = Debug|Win32
		{33721D79-49EE-4C9B-83E9-D915CE618C7C}.Debug|x86.Build.0 = Debug|Win32
		{33721D79-49EE-4C9B-83E9-D915CE618C7C}.Release|x64.ActiveCfg = Release|x64
		{33721D79-49EE-4C9B-83E9-D915CE618C7C}.Release|x64.Build.0 = Release|x64
		{33721D79-49EE-4C9B-83E9-D915CE618C7C}.Release|x86.ActiveCfg = Release|Win32
		{33721D79-49EE-4C9B-83E9-D915CE618C7C}.Release|x86.Build.0 = Release|Win32
		{6B76608B-A67C-4920-9000-5CDDED53D7FD}.Debug|x64.ActiveCfg = Debug|x64
		{6B76608B-A67C-4920-9000-5CDDED53D7FD}.Debug|x64.Build.0 = Debug|x64
		{6B76608B-A67C-4920-9000-5CDDED53D7FD}.Debug|x86.ActiveCfg = Debug|x64
		{6B76608B-A67C-4920-9000-5CDDED53D7FD}.Debug|x86.Build.0 = Debug|x64
		{6B76608B-A67C-4920-9000-5CDDED53D7FD}.Release|x64.ActiveCfg = Release|x64
		{6B76608B-A67C-4920-9000-5CDDED53D7FD}.Release|x64.Build.0 = Release|x64
		{6B76608B-A67C-4920-9000-5CDDED53D7FD}.Release|x86.ActiveCfg = Release|x64
		{6B76608B-A67C-4920-9000-5CDDED53D7FD}.Release|x86.Build.0 = Release|x64
		{0A804819-292C-4891-82A6-6180232A61B4}.Debug|x64.ActiveCfg = Debug|x64
		{0A804819-292C-4891-82A6-6180232A61B4}.Debug|x64.Build.0 = Debug|x64
		{0A804819-292C-4891-82A6-6180232A61B4}.Debug|x86.ActiveCfg = Debug|x64
		{0A804819-292C-4891-82A6-6180232A61B4}.Debug|x86.Build.0 = Debug|x64
		{0A804819-292C-4891-82A6-6180232A61B4}.Release|x64.ActiveCfg = Release|x64
		{0A804819-292C-4891-82A6-6180232A61B4}.Release|x64.Build.0 = Release|x64
		{0A804819-292C-4891-82A6-6180232A61B4}.Release|x86.ActiveCfg = Release|x64
		{0A804819-292C-4891-82A6-6180232A61B4}.Release|x86.Build.0 = Release|x64
		{84406F34-C59A-4FFB-8C73-3ED142A84576}.Debug|x64.ActiveCfg = Debug|x64
		{84406F34-C59A-4FFB-8C73-3ED142A84576}.Debug|x64.Build.0 = Debug|x64
		{84406F34-C59A-4FFB-8C73-3ED142A84576}.Debug|x86.ActiveCfg = Debug|x64
		{84406F34-C59A-4FFB-8C73-3ED142A84576}.Debug|x86.Build.0 = Debug|x64
		{84406F34-C59A-4FFB-8C73-3ED142A84576}.Release|x64.ActiveCfg = Release|x64
		{84406F34-C59A-4FFB-8C73-3ED142A84576}.Release|x64.Build.0 = Release|x64
		{84406F34-C59A-4FFB-8C73-3ED142A84576}.Release|x86.ActiveCfg = Release|x64
		{84406F34-C59A-4FFB-8C73-3ED142A84576}.Release|x86.Build.0 = Release|x64
		{06909F1F-355A-49EE-B322-C812E2C5138F}.Debug|x64.ActiveCfg = Debug|x64
		{06909F1F-355A-49EE-B322-C812E2C5138F}.Debug|x64.Build.0 = Debug|x64
		{06909F1F-355A-49EE-B322-C812E2C5138F}.Debug|x86.ActiveCfg = Debug|Win32
		{06909F1F-355A-49EE-B322-C812E2C5138F}.Debug|x86.Build.0 = Debug|Win32
		{06909F1F-355A-49EE-B322-C812E2C5138F}.Release|x64.ActiveCfg = Release|x64
		{06909F1F-355A-49EE-B322-C812E2C5138F}.Release|x64.Build.0 = Release|x64
		{06909F1F-355A-49EE-B322-C812E2C5138F}.Release|x86.ActiveCfg = Release|Win32
		{06909F1F-355A-49EE-B322-C812E2C5138F}.Release|x86.Build.0 = Release|Win32
		{77478583-EB9D-46BA-87A7-8921D3ED5F1F}.Debug|x64.ActiveCfg = Debug|x64
		{77478583-EB9D-46BA-87A7-8921D3ED5F1F}.Debug|x64.Build.0 = Debug|x64
		{77478583-EB9D-46BA-87A7-8921D3ED5F1F}.Debug|x86.ActiveCfg = Debug|Win32
		{77478583-EB9D-46BA-87A7-8921D3ED5F1F}.Debug|x86.Build.0 = Debug|Win32
		{77478583-EB9D-46BA-87A7-8921D3ED5F1F}.Release|x64.ActiveCfg = Release|x64
		{77478583-EB9D-46BA-87A7-8921D3ED5F1F}.Release|x64.Build.0 = Release|x64
		{77478583-EB9D-46BA-87A7-8921D3ED5F1F}.Release|x86.ActiveCfg = Release|Win32
		{77478583-EB9D-46BA-87A7-8921D3ED5F1F}.Release|x86.Build.0 = Release|Win32
	EndGlobalSection
	GlobalSection(SolutionProperties) = preSolution
		HideSolutionNode = FALSE
	EndGlobalSection
	GlobalSection(ExtensibilityGlobals) = postSolution
		SolutionGuid = {FE54AA7C-DFFD-41C4-99D0-DE760304D58C}
	EndGlobalSection
EndGlobal
