<?xml version="1.0" encoding="utf-8"?>
<Project ToolsVersion="4.0" xmlns="http://schemas.microsoft.com/developer/msbuild/2003">
  <ItemGroup>
    <Filter Include="Source Files">
      <UniqueIdentifier>{4FC737F1-C7A5-4376-A066-2A32D752A2FF}</UniqueIdentifier>
      <Extensions>qml;cpp;c;cc;cxx;def;odl;idl;hpj;bat;asm;asmx</Extensions>
    </Filter>
    <Filter Include="Header Files">
      <UniqueIdentifier>{93995380-89BD-4b04-88EB-625FBE52EBFB}</UniqueIdentifier>
      <Extensions>h;hh;hpp;hxx;hm;inl;inc;xsd</Extensions>
    </Filter>
    <Filter Include="Resource Files">
      <UniqueIdentifier>{67DA6AB6-F800-4c08-8B7A-83BB121AAD01}</UniqueIdentifier>
      <Extensions>qrc;rc;ico;cur;bmp;dlg;rc2;rct;bin;rgs;gif;jpg;jpeg;jpe;resx;tiff;tif;png;wav;mfcribbon-ms</Extensions>
    </Filter>
    <Filter Include="Form Files">
      <UniqueIdentifier>{99349809-55BA-4b9d-BF79-8FDBB0286EB3}</UniqueIdentifier>
      <Extensions>ui</Extensions>
    </Filter>
    <Filter Include="Translation Files">
      <UniqueIdentifier>{639EADAA-A684-42e4-A9AD-28FC9BCB8F7C}</UniqueIdentifier>
      <Extensions>ts</Extensions>
    </Filter>
  </ItemGroup>
  <ItemGroup>
    <ClInclude Include="processview_global.h">
      <Filter>Header Files</Filter>
    </ClInclude>
  </ItemGroup>
  <ItemGroup>
    <ClCompile Include="tprocessviewwidgetabstract.cpp">
      <Filter>Source Files</Filter>
    </ClCompile>
    <ClCompile Include="tnoprocessviewwidget.cpp">
      <Filter>Source Files</Filter>
    </ClCompile>
    <ClCompile Include="tformprocessviewwidget.cpp">
      <Filter>Source Files</Filter>
    </ClCompile>
    <ClCompile Include="tlistprocessviewwidget.cpp">
      <Filter>Source Files</Filter>
    </ClCompile>
    <ClCompile Include="tsizeprocessviewwidget.cpp">
      <Filter>Source Files</Filter>
    </ClCompile>
    <ClCompile Include="tpixelprocessviewwidget.cpp">
      <Filter>Source Files</Filter>
    </ClCompile>
    <ClCompile Include="trectprocessviewwidget.cpp">
      <Filter>Source Files</Filter>
    </ClCompile>
    <ClCompile Include="tpointprocessviewwidget.cpp">
      <Filter>Source Files</Filter>
    </ClCompile>
    <ClCompile Include="tadjustprocessviewwidget.cpp">
      <Filter>Source Files</Filter>
    </ClCompile>
    <ClCompile Include="tthreshprocessviewwidget.cpp">
      <Filter>Source Files</Filter>
    </ClCompile>
    <ClCompile Include="tgraffitiprocessviewwidget.cpp">
      <Filter>Source Files</Filter>
    </ClCompile>
    <ClCompile Include="ttextgraffitiprocessviewwidget.cpp">
      <Filter>Source Files</Filter>
    </ClCompile>
    <ClCompile Include="tinpaintprocessviewwidget.cpp">
      <Filter>Source Files</Filter>
    </ClCompile>
  </ItemGroup>
  <ItemGroup>
    <QtMoc Include="tprocessviewwidgetabstract.h">
      <Filter>Header Files</Filter>
    </QtMoc>
    <QtMoc Include="tnoprocessviewwidget.h">
      <Filter>Header Files</Filter>
    </QtMoc>
    <QtMoc Include="tsizeprocessviewwidget.h">
      <Filter>Header Files</Filter>
    </QtMoc>
    <QtMoc Include="tformprocessviewwidget.h">
      <Filter>Header Files</Filter>
    </QtMoc>
    <QtMoc Include="tlistprocessviewwidget.h">
      <Filter>Header Files</Filter>
    </QtMoc>
    <QtMoc Include="tpixelprocessviewwidget.h">
      <Filter>Header Files</Filter>
    </QtMoc>
    <QtMoc Include="trectprocessviewwidget.h">
      <Filter>Header Files</Filter>
    </QtMoc>
    <QtMoc Include="tpointprocessviewwidget.h">
      <Filter>Header Files</Filter>
    </QtMoc>
    <QtMoc Include="tadjustprocessviewwidget.h">
      <Filter>Header Files</Filter>
    </QtMoc>
    <QtMoc Include="tthreshprocessviewwidget.h">
      <Filter>Header Files</Filter>
    </QtMoc>
    <QtMoc Include="tgraffitiprocessviewwidget.h">
      <Filter>Header Files</Filter>
    </QtMoc>
    <QtMoc Include="ttextgraffitiprocessviewwidget.h">
      <Filter>Header Files</Filter>
    </QtMoc>
    <QtMoc Include="tinpaintprocessviewwidget.h">
      <Filter>Header Files</Filter>
    </QtMoc>
  </ItemGroup>
  <ItemGroup>
    <QtUic Include="tprocessviewwidgetabstract.ui">
      <Filter>Form Files</Filter>
    </QtUic>
    <QtUic Include="tnoprocessviewwidget.ui">
      <Filter>Form Files</Filter>
    </QtUic>
    <QtUic Include="tformprocessviewwidget.ui">
      <Filter>Form Files</Filter>
    </QtUic>
    <QtUic Include="tlistprocessviewwidget.ui">
      <Filter>Form Files</Filter>
    </QtUic>
    <QtUic Include="tsizeprocessviewwidget.ui">
      <Filter>Form Files</Filter>
    </QtUic>
    <QtUic Include="tpixelprocessviewwidget.ui">
      <Filter>Form Files</Filter>
    </QtUic>
    <QtUic Include="trectprocessviewwidget.ui">
      <Filter>Form Files</Filter>
    </QtUic>
    <QtUic Include="tpointprocessviewwidget.ui">
      <Filter>Form Files</Filter>
    </QtUic>
    <QtUic Include="tadjustprocessviewwidget.ui">
      <Filter>Form Files</Filter>
    </QtUic>
    <QtUic Include="tthreshprocessviewwidget.ui">
      <Filter>Form Files</Filter>
    </QtUic>
    <QtUic Include="tgraffitiprocessviewwidget.ui">
      <Filter>Form Files</Filter>
    </QtUic>
    <QtUic Include="ttextgraffitiprocessviewwidget.ui">
      <Filter>Form Files</Filter>
    </QtUic>
    <QtUic Include="tinpaintprocessviewwidget.ui">
      <Filter>Form Files</Filter>
    </QtUic>
  </ItemGroup>
  <ItemGroup>
    <QtRcc Include="processview.qrc">
      <Filter>Resource Files</Filter>
    </QtRcc>
  </ItemGroup>
</Project>